
Microsoft Visual Studio Solution File, Format Version 12.00
# Visual Studio Version 17
VisualStudioVersion = 17.3.32929.385
MinimumVisualStudioVersion = 10.0.40219.1
Project("{FAE04EC0-301F-11D3-BF4B-00C04F79EFBC}") = "TP", "TP\TP.csproj", "{1FDD45FD-D38C-4584-8C95-D947E24ECF90}"
EndProject
Global
	GlobalSection(SolutionConfigurationPlatforms) = preSolution
		Debug|Any CPU = Debug|Any CPU
		Release|Any CPU = Release|Any CPU
	EndGlobalSection
	GlobalSection(ProjectConfigurationPlatforms) = postSolution
		{1FDD45FD-D38C-4584-8C95-D947E24ECF90}.Debug|Any CPU.ActiveCfg = Debug|Any CPU
		{1FDD45FD-D38C-4584-8C95-D947E24ECF90}.Debug|Any CPU.Build.0 = Debug|Any CPU
		{1FDD45FD-D38C-4584-8C95-D947E24ECF90}.Release|Any CPU.ActiveCfg = Release|Any CPU
		{1FDD45FD-D38C-4584-8C95-D947E24ECF90}.Release|Any CPU.Build.0 = Release|Any CPU
	EndGlobalSection
	GlobalSection(SolutionProperties) = preSolution
		HideSolutionNode = FALSE
	EndGlobalSection
	GlobalSection(ExtensibilityGlobals) = postSolution
		SolutionGuid = {7B44FC8C-7DCC-4302-B4E9-1E05FC1C31B0}
	EndGlobalSection
EndGlobal
